
Microsoft Visual Studio Solution File, Format Version 12.00
# Visual Studio Version 17
VisualStudioVersion = 17.5.33627.172
MinimumVisualStudioVersion = 10.0.40219.1
Project("{FAE04EC0-301F-11D3-BF4B-00C04F79EFBC}") = "LeaveManagement.Web", "LeaveManagement.Web\LeaveManagement.Web.csproj", "{06243F81-03C9-4600-8579-5808A23B17AC}"
EndProject
Global
	GlobalSection(SolutionConfigurationPlatforms) = preSolution
		Debug|Any CPU = Debug|Any CPU
		Release|Any CPU = Release|Any CPU
	EndGlobalSection
	GlobalSection(ProjectConfigurationPlatforms) = postSolution
		{06243F81-03C9-4600-8579-5808A23B17AC}.Debug|Any CPU.ActiveCfg = Debug|Any CPU
		{06243F81-03C9-4600-8579-5808A23B17AC}.Debug|Any CPU.Build.0 = Debug|Any CPU
		{06243F81-03C9-4600-8579-5808A23B17AC}.Release|Any CPU.ActiveCfg = Release|Any CPU
		{06243F81-03C9-4600-8579-5808A23B17AC}.Release|Any CPU.Build.0 = Release|Any CPU
	EndGlobalSection
	GlobalSection(SolutionProperties) = preSolution
		HideSolutionNode = FALSE
	EndGlobalSection
	GlobalSection(ExtensibilityGlobals) = postSolution
		SolutionGuid = {1491DF51-0922-421C-89B0-06ABCA9EA0EB}
	EndGlobalSection
EndGlobal
